
Microsoft Visual Studio Solution File, Format Version 12.00
Project("{FAE04EC0-301F-11D3-BF4B-00C04F79EFBC}") = "Ecommerce.Gateway", "Ecommerce.Gateway\Ecommerce.Gateway.csproj", "{97EFFB1D-DCC9-4226-B053-B40BBB2A86B2}"
EndProject
Project("{2150E333-8FDC-42A3-9474-1A3956D46DE8}") = "Solution Items", "Solution Items", "{FE8860BD-3639-4572-9991-FF6C5CFE683C}"
	ProjectSection(SolutionItems) = preProject
		compose.yaml = compose.yaml
		.env = .env
		prometheus.yml = prometheus.yml
	EndProjectSection
EndProject
Project("{2150E333-8FDC-42A3-9474-1A3956D46DE8}") = "Services", "Services", "{6A7ABAB0-0AAB-474F-9A09-997B6387741E}"
EndProject
Project("{2150E333-8FDC-42A3-9474-1A3956D46DE8}") = "Common", "Common", "{6C3214A3-EC5F-4E57-8F9E-E01BB34C4F9F}"
EndProject
Project("{FAE04EC0-301F-11D3-BF4B-00C04F79EFBC}") = "Observability", "Observability\Observability.csproj", "{A7D30F31-5CC4-4D35-B836-AA6426C6BAF0}"
EndProject
Project("{2150E333-8FDC-42A3-9474-1A3956D46DE8}") = "Identity", "Identity", "{85163868-7375-421F-955B-4665E9237277}"
EndProject
Project("{FAE04EC0-301F-11D3-BF4B-00C04F79EFBC}") = "Database", "Services\Identity\Database\Database.csproj", "{27F0D2AC-C1FA-4968-BCE1-A935D3C8D648}"
EndProject
Project("{FAE04EC0-301F-11D3-BF4B-00C04F79EFBC}") = "Identity.Api", "Services\Identity\Identity.Api\Identity.Api.csproj", "{F23CA9E9-5A0C-459D-A98B-AA90F300B961}"
EndProject
Project("{2150E333-8FDC-42A3-9474-1A3956D46DE8}") = "User", "User", "{F3E9D0AE-161C-4996-A053-1B53B7CEB1B1}"
EndProject
Project("{FAE04EC0-301F-11D3-BF4B-00C04F79EFBC}") = "User.Api", "Services\User\User.Api\User.Api.csproj", "{E28F4627-51F9-48CA-BF0E-2CC9D44D468E}"
EndProject
Project("{FAE04EC0-301F-11D3-BF4B-00C04F79EFBC}") = "User.Application", "Services\User\User.Application\User.Application.csproj", "{4F295E9B-C4C3-463D-9ADA-304197C93940}"
EndProject
Project("{FAE04EC0-301F-11D3-BF4B-00C04F79EFBC}") = "User.Domain", "Services\User\User.Domain\User.Domain.csproj", "{81BA19F0-1ED2-428A-856D-81070D081410}"
EndProject
Project("{FAE04EC0-301F-11D3-BF4B-00C04F79EFBC}") = "User.Infrastructure", "Services\User\User.Infrastructure\User.Infrastructure.csproj", "{08660B2D-653A-4FDB-A312-7C1075D6FFE2}"
EndProject
Project("{FAE04EC0-301F-11D3-BF4B-00C04F79EFBC}") = "User.Database", "Services\User\User.Database\User.Database.csproj", "{F196D531-F344-41CA-9010-F44E93B1653A}"
EndProject
Project("{2150E333-8FDC-42A3-9474-1A3956D46DE8}") = "CatalogProduct", "CatalogProduct", "{105C0559-A9CB-4E15-9A65-5E029D07B191}"
EndProject
Project("{FAE04EC0-301F-11D3-BF4B-00C04F79EFBC}") = "Catalog.Api", "Services\CatalogProduct\Catalog.Api\Catalog.Api.csproj", "{537CCF73-BA11-40E5-B8F6-7BCAE84046C6}"
EndProject
Project("{FAE04EC0-301F-11D3-BF4B-00C04F79EFBC}") = "Catalog.Application", "Services\CatalogProduct\Catalog.Application\Catalog.Application.csproj", "{99208F0E-AD13-4B13-B031-2DDB4691FB78}"
EndProject
Project("{FAE04EC0-301F-11D3-BF4B-00C04F79EFBC}") = "Catalog.Domain", "Services\CatalogProduct\Catalog.Domain\Catalog.Domain.csproj", "{1C5870D7-3925-4318-B995-307BE8723611}"
EndProject
Project("{FAE04EC0-301F-11D3-BF4B-00C04F79EFBC}") = "Catalog.Infrastructure", "Services\CatalogProduct\Catalog.Infrastructure\Catalog.Infrastructure.csproj", "{B9EB62A6-FA15-4BF4-9CF1-1AA8622FBE65}"
EndProject
Project("{FAE04EC0-301F-11D3-BF4B-00C04F79EFBC}") = "Catalog.Database", "Services\CatalogProduct\Catalog.Database\Catalog.Database.csproj", "{2E6D1B2F-3F2D-438F-B5E2-79FAFAF415FD}"
EndProject
Project("{FAE04EC0-301F-11D3-BF4B-00C04F79EFBC}") = "SharedKernel", "SharedKernel\SharedKernel.csproj", "{5785235B-CDB6-4BF8-8C78-A8EBF79C3CCB}"
EndProject
Project("{2150E333-8FDC-42A3-9474-1A3956D46DE8}") = "ImageProcessing", "ImageProcessing", "{989790B7-263E-4E9D-B13D-455F4EB9D6D2}"
EndProject
Project("{FAE04EC0-301F-11D3-BF4B-00C04F79EFBC}") = "Processor", "Services\ImageProcessing\Processor\Processor.csproj", "{1C3A33C9-956D-4E1E-BAD7-451FBE348FB2}"
EndProject
Project("{FAE04EC0-301F-11D3-BF4B-00C04F79EFBC}") = "Processor.Api", "Services\ImageProcessing\Processor.Api\Processor.Api.csproj", "{08E16856-AAE4-42DF-A569-756E9050B301}"
EndProject
Project("{FAE04EC0-301F-11D3-BF4B-00C04F79EFBC}") = "Contracts", "Contracts\Contracts.csproj", "{A7333284-B464-488B-95A4-4612F8DB49EC}"
EndProject
Project("{2150E333-8FDC-42A3-9474-1A3956D46DE8}") = "Basket", "Basket", "{8108625A-5122-47C0-9083-8285A27359CB}"
EndProject
Project("{FAE04EC0-301F-11D3-BF4B-00C04F79EFBC}") = "Basket.Api", "Services\Basket\Basket.Api\Basket.Api.csproj", "{975475AC-3EEB-4833-873F-D5447CBE529D}"
EndProject
Project("{FAE04EC0-301F-11D3-BF4B-00C04F79EFBC}") = "Basket.Application", "Services\Basket\Basket.Application\Basket.Application.csproj", "{FDE83DB0-A611-4CF8-898C-2F0425A4B048}"
EndProject
Project("{FAE04EC0-301F-11D3-BF4B-00C04F79EFBC}") = "Basket.Database", "Services\Basket\Basket.Database\Basket.Database.csproj", "{50B741E0-C0A6-4B1B-B874-27BAB30D9FAC}"
EndProject
Project("{FAE04EC0-301F-11D3-BF4B-00C04F79EFBC}") = "Basket.Domain", "Services\Basket\Basket.Domain\Basket.Domain.csproj", "{20DD5A09-77B2-4F66-8E7C-0510B63EC1BE}"
EndProject
Project("{FAE04EC0-301F-11D3-BF4B-00C04F79EFBC}") = "Basket.Infrastructure", "Services\Basket\Basket.Infrastructure\Basket.Infrastructure.csproj", "{C292C05E-C902-4C58-B1AA-1B0D7AE4AFB6}"
EndProject
Global
	GlobalSection(SolutionConfigurationPlatforms) = preSolution
		Debug|Any CPU = Debug|Any CPU
		Release|Any CPU = Release|Any CPU
	EndGlobalSection
	GlobalSection(ProjectConfigurationPlatforms) = postSolution
		{97EFFB1D-DCC9-4226-B053-B40BBB2A86B2}.Debug|Any CPU.ActiveCfg = Debug|Any CPU
		{97EFFB1D-DCC9-4226-B053-B40BBB2A86B2}.Debug|Any CPU.Build.0 = Debug|Any CPU
		{97EFFB1D-DCC9-4226-B053-B40BBB2A86B2}.Release|Any CPU.ActiveCfg = Release|Any CPU
		{97EFFB1D-DCC9-4226-B053-B40BBB2A86B2}.Release|Any CPU.Build.0 = Release|Any CPU
		{A7D30F31-5CC4-4D35-B836-AA6426C6BAF0}.Debug|Any CPU.ActiveCfg = Debug|Any CPU
		{A7D30F31-5CC4-4D35-B836-AA6426C6BAF0}.Debug|Any CPU.Build.0 = Debug|Any CPU
		{A7D30F31-5CC4-4D35-B836-AA6426C6BAF0}.Release|Any CPU.ActiveCfg = Release|Any CPU
		{A7D30F31-5CC4-4D35-B836-AA6426C6BAF0}.Release|Any CPU.Build.0 = Release|Any CPU
		{27F0D2AC-C1FA-4968-BCE1-A935D3C8D648}.Debug|Any CPU.ActiveCfg = Debug|Any CPU
		{27F0D2AC-C1FA-4968-BCE1-A935D3C8D648}.Debug|Any CPU.Build.0 = Debug|Any CPU
		{27F0D2AC-C1FA-4968-BCE1-A935D3C8D648}.Release|Any CPU.ActiveCfg = Release|Any CPU
		{27F0D2AC-C1FA-4968-BCE1-A935D3C8D648}.Release|Any CPU.Build.0 = Release|Any CPU
		{F23CA9E9-5A0C-459D-A98B-AA90F300B961}.Debug|Any CPU.ActiveCfg = Debug|Any CPU
		{F23CA9E9-5A0C-459D-A98B-AA90F300B961}.Debug|Any CPU.Build.0 = Debug|Any CPU
		{F23CA9E9-5A0C-459D-A98B-AA90F300B961}.Release|Any CPU.ActiveCfg = Release|Any CPU
		{F23CA9E9-5A0C-459D-A98B-AA90F300B961}.Release|Any CPU.Build.0 = Release|Any CPU
		{E28F4627-51F9-48CA-BF0E-2CC9D44D468E}.Debug|Any CPU.ActiveCfg = Debug|Any CPU
		{E28F4627-51F9-48CA-BF0E-2CC9D44D468E}.Debug|Any CPU.Build.0 = Debug|Any CPU
		{E28F4627-51F9-48CA-BF0E-2CC9D44D468E}.Release|Any CPU.ActiveCfg = Release|Any CPU
		{E28F4627-51F9-48CA-BF0E-2CC9D44D468E}.Release|Any CPU.Build.0 = Release|Any CPU
		{4F295E9B-C4C3-463D-9ADA-304197C93940}.Debug|Any CPU.ActiveCfg = Debug|Any CPU
		{4F295E9B-C4C3-463D-9ADA-304197C93940}.Debug|Any CPU.Build.0 = Debug|Any CPU
		{4F295E9B-C4C3-463D-9ADA-304197C93940}.Release|Any CPU.ActiveCfg = Release|Any CPU
		{4F295E9B-C4C3-463D-9ADA-304197C93940}.Release|Any CPU.Build.0 = Release|Any CPU
		{81BA19F0-1ED2-428A-856D-81070D081410}.Debug|Any CPU.ActiveCfg = Debug|Any CPU
		{81BA19F0-1ED2-428A-856D-81070D081410}.Debug|Any CPU.Build.0 = Debug|Any CPU
		{81BA19F0-1ED2-428A-856D-81070D081410}.Release|Any CPU.ActiveCfg = Release|Any CPU
		{81BA19F0-1ED2-428A-856D-81070D081410}.Release|Any CPU.Build.0 = Release|Any CPU
		{08660B2D-653A-4FDB-A312-7C1075D6FFE2}.Debug|Any CPU.ActiveCfg = Debug|Any CPU
		{08660B2D-653A-4FDB-A312-7C1075D6FFE2}.Debug|Any CPU.Build.0 = Debug|Any CPU
		{08660B2D-653A-4FDB-A312-7C1075D6FFE2}.Release|Any CPU.ActiveCfg = Release|Any CPU
		{08660B2D-653A-4FDB-A312-7C1075D6FFE2}.Release|Any CPU.Build.0 = Release|Any CPU
		{F196D531-F344-41CA-9010-F44E93B1653A}.Debug|Any CPU.ActiveCfg = Debug|Any CPU
		{F196D531-F344-41CA-9010-F44E93B1653A}.Debug|Any CPU.Build.0 = Debug|Any CPU
		{F196D531-F344-41CA-9010-F44E93B1653A}.Release|Any CPU.ActiveCfg = Release|Any CPU
		{F196D531-F344-41CA-9010-F44E93B1653A}.Release|Any CPU.Build.0 = Release|Any CPU
		{537CCF73-BA11-40E5-B8F6-7BCAE84046C6}.Debug|Any CPU.ActiveCfg = Debug|Any CPU
		{537CCF73-BA11-40E5-B8F6-7BCAE84046C6}.Debug|Any CPU.Build.0 = Debug|Any CPU
		{537CCF73-BA11-40E5-B8F6-7BCAE84046C6}.Release|Any CPU.ActiveCfg = Release|Any CPU
		{537CCF73-BA11-40E5-B8F6-7BCAE84046C6}.Release|Any CPU.Build.0 = Release|Any CPU
		{99208F0E-AD13-4B13-B031-2DDB4691FB78}.Debug|Any CPU.ActiveCfg = Debug|Any CPU
		{99208F0E-AD13-4B13-B031-2DDB4691FB78}.Debug|Any CPU.Build.0 = Debug|Any CPU
		{99208F0E-AD13-4B13-B031-2DDB4691FB78}.Release|Any CPU.ActiveCfg = Release|Any CPU
		{99208F0E-AD13-4B13-B031-2DDB4691FB78}.Release|Any CPU.Build.0 = Release|Any CPU
		{1C5870D7-3925-4318-B995-307BE8723611}.Debug|Any CPU.ActiveCfg = Debug|Any CPU
		{1C5870D7-3925-4318-B995-307BE8723611}.Debug|Any CPU.Build.0 = Debug|Any CPU
		{1C5870D7-3925-4318-B995-307BE8723611}.Release|Any CPU.ActiveCfg = Release|Any CPU
		{1C5870D7-3925-4318-B995-307BE8723611}.Release|Any CPU.Build.0 = Release|Any CPU
		{B9EB62A6-FA15-4BF4-9CF1-1AA8622FBE65}.Debug|Any CPU.ActiveCfg = Debug|Any CPU
		{B9EB62A6-FA15-4BF4-9CF1-1AA8622FBE65}.Debug|Any CPU.Build.0 = Debug|Any CPU
		{B9EB62A6-FA15-4BF4-9CF1-1AA8622FBE65}.Release|Any CPU.ActiveCfg = Release|Any CPU
		{B9EB62A6-FA15-4BF4-9CF1-1AA8622FBE65}.Release|Any CPU.Build.0 = Release|Any CPU
		{2E6D1B2F-3F2D-438F-B5E2-79FAFAF415FD}.Debug|Any CPU.ActiveCfg = Debug|Any CPU
		{2E6D1B2F-3F2D-438F-B5E2-79FAFAF415FD}.Debug|Any CPU.Build.0 = Debug|Any CPU
		{2E6D1B2F-3F2D-438F-B5E2-79FAFAF415FD}.Release|Any CPU.ActiveCfg = Release|Any CPU
		{2E6D1B2F-3F2D-438F-B5E2-79FAFAF415FD}.Release|Any CPU.Build.0 = Release|Any CPU
		{5785235B-CDB6-4BF8-8C78-A8EBF79C3CCB}.Debug|Any CPU.ActiveCfg = Debug|Any CPU
		{5785235B-CDB6-4BF8-8C78-A8EBF79C3CCB}.Debug|Any CPU.Build.0 = Debug|Any CPU
		{5785235B-CDB6-4BF8-8C78-A8EBF79C3CCB}.Release|Any CPU.ActiveCfg = Release|Any CPU
		{5785235B-CDB6-4BF8-8C78-A8EBF79C3CCB}.Release|Any CPU.Build.0 = Release|Any CPU
		{1C3A33C9-956D-4E1E-BAD7-451FBE348FB2}.Debug|Any CPU.ActiveCfg = Debug|Any CPU
		{1C3A33C9-956D-4E1E-BAD7-451FBE348FB2}.Debug|Any CPU.Build.0 = Debug|Any CPU
		{1C3A33C9-956D-4E1E-BAD7-451FBE348FB2}.Release|Any CPU.ActiveCfg = Release|Any CPU
		{1C3A33C9-956D-4E1E-BAD7-451FBE348FB2}.Release|Any CPU.Build.0 = Release|Any CPU
		{08E16856-AAE4-42DF-A569-756E9050B301}.Debug|Any CPU.ActiveCfg = Debug|Any CPU
		{08E16856-AAE4-42DF-A569-756E9050B301}.Debug|Any CPU.Build.0 = Debug|Any CPU
		{08E16856-AAE4-42DF-A569-756E9050B301}.Release|Any CPU.ActiveCfg = Release|Any CPU
		{08E16856-AAE4-42DF-A569-756E9050B301}.Release|Any CPU.Build.0 = Release|Any CPU
		{A7333284-B464-488B-95A4-4612F8DB49EC}.Debug|Any CPU.ActiveCfg = Debug|Any CPU
		{A7333284-B464-488B-95A4-4612F8DB49EC}.Debug|Any CPU.Build.0 = Debug|Any CPU
		{A7333284-B464-488B-95A4-4612F8DB49EC}.Release|Any CPU.ActiveCfg = Release|Any CPU
		{A7333284-B464-488B-95A4-4612F8DB49EC}.Release|Any CPU.Build.0 = Release|Any CPU
		{975475AC-3EEB-4833-873F-D5447CBE529D}.Debug|Any CPU.ActiveCfg = Debug|Any CPU
		{975475AC-3EEB-4833-873F-D5447CBE529D}.Debug|Any CPU.Build.0 = Debug|Any CPU
		{975475AC-3EEB-4833-873F-D5447CBE529D}.Release|Any CPU.ActiveCfg = Release|Any CPU
		{975475AC-3EEB-4833-873F-D5447CBE529D}.Release|Any CPU.Build.0 = Release|Any CPU
		{FDE83DB0-A611-4CF8-898C-2F0425A4B048}.Debug|Any CPU.ActiveCfg = Debug|Any CPU
		{FDE83DB0-A611-4CF8-898C-2F0425A4B048}.Debug|Any CPU.Build.0 = Debug|Any CPU
		{FDE83DB0-A611-4CF8-898C-2F0425A4B048}.Release|Any CPU.ActiveCfg = Release|Any CPU
		{FDE83DB0-A611-4CF8-898C-2F0425A4B048}.Release|Any CPU.Build.0 = Release|Any CPU
		{50B741E0-C0A6-4B1B-B874-27BAB30D9FAC}.Debug|Any CPU.ActiveCfg = Debug|Any CPU
		{50B741E0-C0A6-4B1B-B874-27BAB30D9FAC}.Debug|Any CPU.Build.0 = Debug|Any CPU
		{50B741E0-C0A6-4B1B-B874-27BAB30D9FAC}.Release|Any CPU.ActiveCfg = Release|Any CPU
		{50B741E0-C0A6-4B1B-B874-27BAB30D9FAC}.Release|Any CPU.Build.0 = Release|Any CPU
		{20DD5A09-77B2-4F66-8E7C-0510B63EC1BE}.Debug|Any CPU.ActiveCfg = Debug|Any CPU
		{20DD5A09-77B2-4F66-8E7C-0510B63EC1BE}.Debug|Any CPU.Build.0 = Debug|Any CPU
		{20DD5A09-77B2-4F66-8E7C-0510B63EC1BE}.Release|Any CPU.ActiveCfg = Release|Any CPU
		{20DD5A09-77B2-4F66-8E7C-0510B63EC1BE}.Release|Any CPU.Build.0 = Release|Any CPU
		{C292C05E-C902-4C58-B1AA-1B0D7AE4AFB6}.Debug|Any CPU.ActiveCfg = Debug|Any CPU
		{C292C05E-C902-4C58-B1AA-1B0D7AE4AFB6}.Debug|Any CPU.Build.0 = Debug|Any CPU
		{C292C05E-C902-4C58-B1AA-1B0D7AE4AFB6}.Release|Any CPU.ActiveCfg = Release|Any CPU
		{C292C05E-C902-4C58-B1AA-1B0D7AE4AFB6}.Release|Any CPU.Build.0 = Release|Any CPU
	EndGlobalSection
	GlobalSection(NestedProjects) = preSolution
		{A7D30F31-5CC4-4D35-B836-AA6426C6BAF0} = {6C3214A3-EC5F-4E57-8F9E-E01BB34C4F9F}
		{85163868-7375-421F-955B-4665E9237277} = {6A7ABAB0-0AAB-474F-9A09-997B6387741E}
		{27F0D2AC-C1FA-4968-BCE1-A935D3C8D648} = {85163868-7375-421F-955B-4665E9237277}
		{F23CA9E9-5A0C-459D-A98B-AA90F300B961} = {85163868-7375-421F-955B-4665E9237277}
		{F3E9D0AE-161C-4996-A053-1B53B7CEB1B1} = {6A7ABAB0-0AAB-474F-9A09-997B6387741E}
		{E28F4627-51F9-48CA-BF0E-2CC9D44D468E} = {F3E9D0AE-161C-4996-A053-1B53B7CEB1B1}
		{4F295E9B-C4C3-463D-9ADA-304197C93940} = {F3E9D0AE-161C-4996-A053-1B53B7CEB1B1}
		{81BA19F0-1ED2-428A-856D-81070D081410} = {F3E9D0AE-161C-4996-A053-1B53B7CEB1B1}
		{08660B2D-653A-4FDB-A312-7C1075D6FFE2} = {F3E9D0AE-161C-4996-A053-1B53B7CEB1B1}
		{F196D531-F344-41CA-9010-F44E93B1653A} = {F3E9D0AE-161C-4996-A053-1B53B7CEB1B1}
		{105C0559-A9CB-4E15-9A65-5E029D07B191} = {6A7ABAB0-0AAB-474F-9A09-997B6387741E}
		{537CCF73-BA11-40E5-B8F6-7BCAE84046C6} = {105C0559-A9CB-4E15-9A65-5E029D07B191}
		{99208F0E-AD13-4B13-B031-2DDB4691FB78} = {105C0559-A9CB-4E15-9A65-5E029D07B191}
		{1C5870D7-3925-4318-B995-307BE8723611} = {105C0559-A9CB-4E15-9A65-5E029D07B191}
		{B9EB62A6-FA15-4BF4-9CF1-1AA8622FBE65} = {105C0559-A9CB-4E15-9A65-5E029D07B191}
		{2E6D1B2F-3F2D-438F-B5E2-79FAFAF415FD} = {105C0559-A9CB-4E15-9A65-5E029D07B191}
		{5785235B-CDB6-4BF8-8C78-A8EBF79C3CCB} = {6C3214A3-EC5F-4E57-8F9E-E01BB34C4F9F}
		{989790B7-263E-4E9D-B13D-455F4EB9D6D2} = {6A7ABAB0-0AAB-474F-9A09-997B6387741E}
		{1C3A33C9-956D-4E1E-BAD7-451FBE348FB2} = {989790B7-263E-4E9D-B13D-455F4EB9D6D2}
		{08E16856-AAE4-42DF-A569-756E9050B301} = {989790B7-263E-4E9D-B13D-455F4EB9D6D2}
		{A7333284-B464-488B-95A4-4612F8DB49EC} = {6C3214A3-EC5F-4E57-8F9E-E01BB34C4F9F}
		{8108625A-5122-47C0-9083-8285A27359CB} = {6A7ABAB0-0AAB-474F-9A09-997B6387741E}
		{975475AC-3EEB-4833-873F-D5447CBE529D} = {8108625A-5122-47C0-9083-8285A27359CB}
		{FDE83DB0-A611-4CF8-898C-2F0425A4B048} = {8108625A-5122-47C0-9083-8285A27359CB}
		{50B741E0-C0A6-4B1B-B874-27BAB30D9FAC} = {8108625A-5122-47C0-9083-8285A27359CB}
		{20DD5A09-77B2-4F66-8E7C-0510B63EC1BE} = {8108625A-5122-47C0-9083-8285A27359CB}
		{C292C05E-C902-4C58-B1AA-1B0D7AE4AFB6} = {8108625A-5122-47C0-9083-8285A27359CB}
	EndGlobalSection
EndGlobal
